// !$*UTF8*$!
{
	archiveVersion = 1;
	classes = {
	};
	objectVersion = 56;
	objects = {

/* Begin PBXBuildFile section */
		535C576E29FBEF21007E8827 /* ErrorAPI.swift in Sources */ = {isa = PBXBuildFile; fileRef = 535C576D29FBEF21007E8827 /* ErrorAPI.swift */; };
		537EFDDF2A17C22F004E5152 /* DrugsTableViewCell.swift in Sources */ = {isa = PBXBuildFile; fileRef = 537EFDDD2A17C22F004E5152 /* DrugsTableViewCell.swift */; };
		537EFDE02A17C22F004E5152 /* DrugsTableViewCell.xib in Resources */ = {isa = PBXBuildFile; fileRef = 537EFDDE2A17C22F004E5152 /* DrugsTableViewCell.xib */; };
		5392CA5D2A3BC61300FEE7CD /* medic.json in Resources */ = {isa = PBXBuildFile; fileRef = 53AFAD5A2A25FDE80021528A /* medic.json */; };
		5392CA5E2A3BC61900FEE7CD /* completing-tasks.json in Resources */ = {isa = PBXBuildFile; fileRef = 53B2FF242A39E8DD00179D39 /* completing-tasks.json */; };
		5392CA5F2A3BC61F00FEE7CD /* syrup.json in Resources */ = {isa = PBXBuildFile; fileRef = 53BCB9832A377A6000C37EDD /* syrup.json */; };
		5392CA602A3BC62400FEE7CD /* medicine.json in Resources */ = {isa = PBXBuildFile; fileRef = 53BCB97F2A377A3F00C37EDD /* medicine.json */; };
		5392CA612A3BC62A00FEE7CD /* blue_pill.json in Resources */ = {isa = PBXBuildFile; fileRef = 53BCB97D2A377A2400C37EDD /* blue_pill.json */; };
		539DBB5229FE75160067AB82 /* Alamofire in Frameworks */ = {isa = PBXBuildFile; productRef = 539DBB5129FE75160067AB82 /* Alamofire */; };
		53A8A20F2A38980D00C29E52 /* MedipillsModel.xcdatamodeld in Sources */ = {isa = PBXBuildFile; fileRef = 53A8A20D2A38980D00C29E52 /* MedipillsModel.xcdatamodeld */; };
		53A8A2112A389C9000C29E52 /* CoreDataStack.swift in Sources */ = {isa = PBXBuildFile; fileRef = 53A8A2102A389C9000C29E52 /* CoreDataStack.swift */; };
		53A8A2132A38ABD400C29E52 /* CoreDataManager.swift in Sources */ = {isa = PBXBuildFile; fileRef = 53A8A2122A38ABD400C29E52 /* CoreDataManager.swift */; };
		53A8A2152A38AC3800C29E52 /* Drug.swift in Sources */ = {isa = PBXBuildFile; fileRef = 53A8A2142A38AC3800C29E52 /* Drug.swift */; };
		53AD1A882A050B2F00CBFD65 /* AddDrugViewController.swift in Sources */ = {isa = PBXBuildFile; fileRef = 53AD1A872A050B2F00CBFD65 /* AddDrugViewController.swift */; };
		53AD1A8B2A050DAA00CBFD65 /* Lottie in Frameworks */ = {isa = PBXBuildFile; productRef = 53AD1A8A2A050DAA00CBFD65 /* Lottie */; };
		53B2FF2E2A3A306900179D39 /* CoreDataTestCase.swift in Sources */ = {isa = PBXBuildFile; fileRef = 53B2FF2D2A3A306900179D39 /* CoreDataTestCase.swift */; };
		53B2FF362A3A312300179D39 /* MockCoreDataStack.swift in Sources */ = {isa = PBXBuildFile; fileRef = 53B2FF352A3A312300179D39 /* MockCoreDataStack.swift */; };
		53B2FF3A2A3A348A00179D39 /* DrugServiceTestCase.swift in Sources */ = {isa = PBXBuildFile; fileRef = 53B2FF392A3A348A00179D39 /* DrugServiceTestCase.swift */; };
		53B394AF296F398100EA5A32 /* AppDelegate.swift in Sources */ = {isa = PBXBuildFile; fileRef = 53B394AE296F398100EA5A32 /* AppDelegate.swift */; };
		53B394B1296F398100EA5A32 /* SceneDelegate.swift in Sources */ = {isa = PBXBuildFile; fileRef = 53B394B0296F398100EA5A32 /* SceneDelegate.swift */; };
		53B394B3296F398100EA5A32 /* HomeViewController.swift in Sources */ = {isa = PBXBuildFile; fileRef = 53B394B2296F398100EA5A32 /* HomeViewController.swift */; };
		53B394B6296F398100EA5A32 /* Main.storyboard in Resources */ = {isa = PBXBuildFile; fileRef = 53B394B4296F398100EA5A32 /* Main.storyboard */; };
		53B394B8296F398300EA5A32 /* Assets.xcassets in Resources */ = {isa = PBXBuildFile; fileRef = 53B394B7296F398300EA5A32 /* Assets.xcassets */; };
		53B394BB296F398300EA5A32 /* LaunchScreen.storyboard in Resources */ = {isa = PBXBuildFile; fileRef = 53B394B9296F398300EA5A32 /* LaunchScreen.storyboard */; };
		53B5EBA02A1685E00063E57D /* DateCollectionViewCell.swift in Sources */ = {isa = PBXBuildFile; fileRef = 53B5EB9F2A1685E00063E57D /* DateCollectionViewCell.swift */; };
		53C0841C29FFC81D00121884 /* Extensions.swift in Sources */ = {isa = PBXBuildFile; fileRef = 53C0841B29FFC81D00121884 /* Extensions.swift */; };
		53C0842229FFF0B300121884 /* Comfortaa.ttf in Resources */ = {isa = PBXBuildFile; fileRef = 53C0842129FFF0B300121884 /* Comfortaa.ttf */; };
		53C11E972A3B67360070480A /* FirebaseAnalytics in Frameworks */ = {isa = PBXBuildFile; productRef = 53C11E962A3B67360070480A /* FirebaseAnalytics */; };
		53C11E992A3B67360070480A /* FirebaseCrashlytics in Frameworks */ = {isa = PBXBuildFile; productRef = 53C11E982A3B67360070480A /* FirebaseCrashlytics */; };
		53C11E9B2A3B688F0070480A /* GoogleService-Info.plist in Resources */ = {isa = PBXBuildFile; fileRef = 53C11E9A2A3B688F0070480A /* GoogleService-Info.plist */; };
		53D8935229E478B300ADAC1E /* Drugs.swift in Sources */ = {isa = PBXBuildFile; fileRef = 53D8935129E478B300ADAC1E /* Drugs.swift */; };
		53D8935429E478F000ADAC1E /* DrugService.swift in Sources */ = {isa = PBXBuildFile; fileRef = 53D8935329E478F000ADAC1E /* DrugService.swift */; };
/* End PBXBuildFile section */

/* Begin PBXContainerItemProxy section */
		53B2FF2F2A3A306900179D39 /* PBXContainerItemProxy */ = {
			isa = PBXContainerItemProxy;
			containerPortal = 53B394A3296F398100EA5A32 /* Project object */;
			proxyType = 1;
			remoteGlobalIDString = 53B394AA296F398100EA5A32;
			remoteInfo = Medipills;
		};
/* End PBXContainerItemProxy section */

/* Begin PBXFileReference section */
		535C576D29FBEF21007E8827 /* ErrorAPI.swift */ = {isa = PBXFileReference; lastKnownFileType = sourcecode.swift; path = ErrorAPI.swift; sourceTree = "<group>"; };
		537EFDDD2A17C22F004E5152 /* DrugsTableViewCell.swift */ = {isa = PBXFileReference; lastKnownFileType = sourcecode.swift; path = DrugsTableViewCell.swift; sourceTree = "<group>"; };
		537EFDDE2A17C22F004E5152 /* DrugsTableViewCell.xib */ = {isa = PBXFileReference; lastKnownFileType = file.xib; path = DrugsTableViewCell.xib; sourceTree = "<group>"; };
		53A8A20E2A38980D00C29E52 /* MedipillsModel.xcdatamodel */ = {isa = PBXFileReference; lastKnownFileType = wrapper.xcdatamodel; path = MedipillsModel.xcdatamodel; sourceTree = "<group>"; };
		53A8A2102A389C9000C29E52 /* CoreDataStack.swift */ = {isa = PBXFileReference; lastKnownFileType = sourcecode.swift; path = CoreDataStack.swift; sourceTree = "<group>"; };
		53A8A2122A38ABD400C29E52 /* CoreDataManager.swift */ = {isa = PBXFileReference; lastKnownFileType = sourcecode.swift; path = CoreDataManager.swift; sourceTree = "<group>"; };
		53A8A2142A38AC3800C29E52 /* Drug.swift */ = {isa = PBXFileReference; lastKnownFileType = sourcecode.swift; path = Drug.swift; sourceTree = "<group>"; };
		53AD1A872A050B2F00CBFD65 /* AddDrugViewController.swift */ = {isa = PBXFileReference; lastKnownFileType = sourcecode.swift; path = AddDrugViewController.swift; sourceTree = "<group>"; };
		53AFAD5A2A25FDE80021528A /* medic.json */ = {isa = PBXFileReference; fileEncoding = 4; lastKnownFileType = text.json; name = medic.json; path = ../../../../Downloads/medic.json; sourceTree = "<group>"; };
		53B2FF242A39E8DD00179D39 /* completing-tasks.json */ = {isa = PBXFileReference; fileEncoding = 4; lastKnownFileType = text.json; name = "completing-tasks.json"; path = "../../../../Downloads/completing-tasks.json"; sourceTree = "<group>"; };
		53B2FF2B2A3A306900179D39 /* MedipillsTests.xctest */ = {isa = PBXFileReference; explicitFileType = wrapper.cfbundle; includeInIndex = 0; path = MedipillsTests.xctest; sourceTree = BUILT_PRODUCTS_DIR; };
		53B2FF2D2A3A306900179D39 /* CoreDataTestCase.swift */ = {isa = PBXFileReference; lastKnownFileType = sourcecode.swift; path = CoreDataTestCase.swift; sourceTree = "<group>"; };
		53B2FF352A3A312300179D39 /* MockCoreDataStack.swift */ = {isa = PBXFileReference; lastKnownFileType = sourcecode.swift; path = MockCoreDataStack.swift; sourceTree = "<group>"; };
		53B2FF372A3A331800179D39 /* Medipills.xctestplan */ = {isa = PBXFileReference; lastKnownFileType = text; path = Medipills.xctestplan; sourceTree = "<group>"; };
		53B2FF392A3A348A00179D39 /* DrugServiceTestCase.swift */ = {isa = PBXFileReference; lastKnownFileType = sourcecode.swift; path = DrugServiceTestCase.swift; sourceTree = "<group>"; };
		53B394AB296F398100EA5A32 /* Medipills.app */ = {isa = PBXFileReference; explicitFileType = wrapper.application; includeInIndex = 0; path = Medipills.app; sourceTree = BUILT_PRODUCTS_DIR; };
		53B394AE296F398100EA5A32 /* AppDelegate.swift */ = {isa = PBXFileReference; lastKnownFileType = sourcecode.swift; path = AppDelegate.swift; sourceTree = "<group>"; };
		53B394B0296F398100EA5A32 /* SceneDelegate.swift */ = {isa = PBXFileReference; lastKnownFileType = sourcecode.swift; path = SceneDelegate.swift; sourceTree = "<group>"; };
		53B394B2296F398100EA5A32 /* HomeViewController.swift */ = {isa = PBXFileReference; lastKnownFileType = sourcecode.swift; path = HomeViewController.swift; sourceTree = "<group>"; };
		53B394B5296F398100EA5A32 /* Base */ = {isa = PBXFileReference; lastKnownFileType = file.storyboard; name = Base; path = Base.lproj/Main.storyboard; sourceTree = "<group>"; };
		53B394B7296F398300EA5A32 /* Assets.xcassets */ = {isa = PBXFileReference; lastKnownFileType = folder.assetcatalog; path = Assets.xcassets; sourceTree = "<group>"; };
		53B394BA296F398300EA5A32 /* Base */ = {isa = PBXFileReference; lastKnownFileType = file.storyboard; name = Base; path = Base.lproj/LaunchScreen.storyboard; sourceTree = "<group>"; };
		53B394BC296F398300EA5A32 /* Info.plist */ = {isa = PBXFileReference; lastKnownFileType = text.plist.xml; path = Info.plist; sourceTree = "<group>"; };
		53B5EB9F2A1685E00063E57D /* DateCollectionViewCell.swift */ = {isa = PBXFileReference; lastKnownFileType = sourcecode.swift; path = DateCollectionViewCell.swift; sourceTree = "<group>"; };
		53BCB97D2A377A2400C37EDD /* blue_pill.json */ = {isa = PBXFileReference; fileEncoding = 4; lastKnownFileType = text.json; name = blue_pill.json; path = ../../../../Downloads/blue_pill.json; sourceTree = "<group>"; };
		53BCB97F2A377A3F00C37EDD /* medicine.json */ = {isa = PBXFileReference; fileEncoding = 4; lastKnownFileType = text.json; name = medicine.json; path = ../../../../Downloads/medicine.json; sourceTree = "<group>"; };
		53BCB9832A377A6000C37EDD /* syrup.json */ = {isa = PBXFileReference; fileEncoding = 4; lastKnownFileType = text.json; name = syrup.json; path = ../../../../Downloads/syrup.json; sourceTree = "<group>"; };
		53C0841B29FFC81D00121884 /* Extensions.swift */ = {isa = PBXFileReference; lastKnownFileType = sourcecode.swift; path = Extensions.swift; sourceTree = "<group>"; };
		53C0842129FFF0B300121884 /* Comfortaa.ttf */ = {isa = PBXFileReference; lastKnownFileType = file; name = Comfortaa.ttf; path = ../../../Downloads/Comfortaa/Comfortaa.ttf; sourceTree = "<group>"; };
		53C11E9A2A3B688F0070480A /* GoogleService-Info.plist */ = {isa = PBXFileReference; fileEncoding = 4; lastKnownFileType = text.plist.xml; name = "GoogleService-Info.plist"; path = "../../../Downloads/GoogleService-Info.plist"; sourceTree = "<group>"; };
		53D8935129E478B300ADAC1E /* Drugs.swift */ = {isa = PBXFileReference; lastKnownFileType = sourcecode.swift; path = Drugs.swift; sourceTree = "<group>"; };
		53D8935329E478F000ADAC1E /* DrugService.swift */ = {isa = PBXFileReference; lastKnownFileType = sourcecode.swift; path = DrugService.swift; sourceTree = "<group>"; };
/* End PBXFileReference section */

/* Begin PBXFrameworksBuildPhase section */
		53B2FF282A3A306800179D39 /* Frameworks */ = {
			isa = PBXFrameworksBuildPhase;
			buildActionMask = 2147483647;
			files = (
			);
			runOnlyForDeploymentPostprocessing = 0;
		};
		53B394A8296F398100EA5A32 /* Frameworks */ = {
			isa = PBXFrameworksBuildPhase;
			buildActionMask = 2147483647;
			files = (
				539DBB5229FE75160067AB82 /* Alamofire in Frameworks */,
				53C11E992A3B67360070480A /* FirebaseCrashlytics in Frameworks */,
				53AD1A8B2A050DAA00CBFD65 /* Lottie in Frameworks */,
				53C11E972A3B67360070480A /* FirebaseAnalytics in Frameworks */,
			);
			runOnlyForDeploymentPostprocessing = 0;
		};
/* End PBXFrameworksBuildPhase section */

/* Begin PBXGroup section */
		539DBB5329FE75250067AB82 /* Model */ = {
			isa = PBXGroup;
			children = (
				53BCB9862A3783D500C37EDD /* CoreData */,
				53AFAD5A2A25FDE80021528A /* medic.json */,
				53D8935329E478F000ADAC1E /* DrugService.swift */,
				53D8935129E478B300ADAC1E /* Drugs.swift */,
			);
			path = Model;
			sourceTree = "<group>";
		};
		53A571162A13E5E20063AA00 /* CustomCells */ = {
			isa = PBXGroup;
			children = (
				53B5EB9F2A1685E00063E57D /* DateCollectionViewCell.swift */,
				537EFDDD2A17C22F004E5152 /* DrugsTableViewCell.swift */,
				537EFDDE2A17C22F004E5152 /* DrugsTableViewCell.xib */,
			);
			path = CustomCells;
			sourceTree = "<group>";
		};
		53B2FF2C2A3A306900179D39 /* MedipillsTests */ = {
			isa = PBXGroup;
			children = (
				53B2FF382A3A33FA00179D39 /* NetworkTests */,
				53B2FF342A3A308F00179D39 /* CoreDataTests */,
			);
			path = MedipillsTests;
			sourceTree = "<group>";
		};
		53B2FF342A3A308F00179D39 /* CoreDataTests */ = {
			isa = PBXGroup;
			children = (
				53B2FF2D2A3A306900179D39 /* CoreDataTestCase.swift */,
				53B2FF352A3A312300179D39 /* MockCoreDataStack.swift */,
			);
			path = CoreDataTests;
			sourceTree = "<group>";
		};
		53B2FF382A3A33FA00179D39 /* NetworkTests */ = {
			isa = PBXGroup;
			children = (
				53B2FF392A3A348A00179D39 /* DrugServiceTestCase.swift */,
			);
			path = NetworkTests;
			sourceTree = "<group>";
		};
		53B394A2296F398100EA5A32 = {
			isa = PBXGroup;
			children = (
				53B2FF372A3A331800179D39 /* Medipills.xctestplan */,
				53B394AD296F398100EA5A32 /* Medipills */,
				53B2FF2C2A3A306900179D39 /* MedipillsTests */,
				53B394AC296F398100EA5A32 /* Products */,
			);
			sourceTree = "<group>";
		};
		53B394AC296F398100EA5A32 /* Products */ = {
			isa = PBXGroup;
			children = (
				53B394AB296F398100EA5A32 /* Medipills.app */,
				53B2FF2B2A3A306900179D39 /* MedipillsTests.xctest */,
			);
			name = Products;
			sourceTree = "<group>";
		};
		53B394AD296F398100EA5A32 /* Medipills */ = {
			isa = PBXGroup;
			children = (
				539DBB5329FE75250067AB82 /* Model */,
				53BCB9852A37837500C37EDD /* Controllers */,
				53A571162A13E5E20063AA00 /* CustomCells */,
				53BCB9782A37781D00C37EDD /* Animations */,
				535C576D29FBEF21007E8827 /* ErrorAPI.swift */,
				53C0841B29FFC81D00121884 /* Extensions.swift */,
				53B394AE296F398100EA5A32 /* AppDelegate.swift */,
				53B394B0296F398100EA5A32 /* SceneDelegate.swift */,
				53B394B4296F398100EA5A32 /* Main.storyboard */,
				53B394B7296F398300EA5A32 /* Assets.xcassets */,
				53C0842129FFF0B300121884 /* Comfortaa.ttf */,
				53B394B9296F398300EA5A32 /* LaunchScreen.storyboard */,
				53B394BC296F398300EA5A32 /* Info.plist */,
				53C11E9A2A3B688F0070480A /* GoogleService-Info.plist */,
			);
			path = Medipills;
			sourceTree = "<group>";
		};
		53BCB9782A37781D00C37EDD /* Animations */ = {
			isa = PBXGroup;
			children = (
				53B2FF242A39E8DD00179D39 /* completing-tasks.json */,
				53BCB9832A377A6000C37EDD /* syrup.json */,
				53BCB97F2A377A3F00C37EDD /* medicine.json */,
				53BCB97D2A377A2400C37EDD /* blue_pill.json */,
			);
			path = Animations;
			sourceTree = "<group>";
		};
		53BCB9852A37837500C37EDD /* Controllers */ = {
			isa = PBXGroup;
			children = (
				53B394B2296F398100EA5A32 /* HomeViewController.swift */,
				53AD1A872A050B2F00CBFD65 /* AddDrugViewController.swift */,
			);
			path = Controllers;
			sourceTree = "<group>";
		};
		53BCB9862A3783D500C37EDD /* CoreData */ = {
			isa = PBXGroup;
			children = (
				53A8A20D2A38980D00C29E52 /* MedipillsModel.xcdatamodeld */,
				53A8A2102A389C9000C29E52 /* CoreDataStack.swift */,
				53A8A2122A38ABD400C29E52 /* CoreDataManager.swift */,
				53A8A2142A38AC3800C29E52 /* Drug.swift */,
			);
			path = CoreData;
			sourceTree = "<group>";
		};
/* End PBXGroup section */

/* Begin PBXNativeTarget section */
		53B2FF2A2A3A306800179D39 /* MedipillsTests */ = {
			isa = PBXNativeTarget;
			buildConfigurationList = 53B2FF312A3A306900179D39 /* Build configuration list for PBXNativeTarget "MedipillsTests" */;
			buildPhases = (
				53B2FF272A3A306800179D39 /* Sources */,
				53B2FF282A3A306800179D39 /* Frameworks */,
				53B2FF292A3A306800179D39 /* Resources */,
			);
			buildRules = (
			);
			dependencies = (
				53B2FF302A3A306900179D39 /* PBXTargetDependency */,
			);
			name = MedipillsTests;
			productName = MedipillsTests;
			productReference = 53B2FF2B2A3A306900179D39 /* MedipillsTests.xctest */;
			productType = "com.apple.product-type.bundle.unit-test";
		};
		53B394AA296F398100EA5A32 /* Medipills */ = {
			isa = PBXNativeTarget;
			buildConfigurationList = 53B394BF296F398300EA5A32 /* Build configuration list for PBXNativeTarget "Medipills" */;
			buildPhases = (
				53B394A7296F398100EA5A32 /* Sources */,
				53B394A8296F398100EA5A32 /* Frameworks */,
				53B394A9296F398100EA5A32 /* Resources */,
				53C11E9C2A3B69C60070480A /* ShellScript */,
			);
			buildRules = (
			);
			dependencies = (
			);
			name = Medipills;
			packageProductDependencies = (
				539DBB5129FE75160067AB82 /* Alamofire */,
				53AD1A8A2A050DAA00CBFD65 /* Lottie */,
				53C11E962A3B67360070480A /* FirebaseAnalytics */,
				53C11E982A3B67360070480A /* FirebaseCrashlytics */,
			);
			productName = Medipills;
			productReference = 53B394AB296F398100EA5A32 /* Medipills.app */;
			productType = "com.apple.product-type.application";
		};
/* End PBXNativeTarget section */

/* Begin PBXProject section */
		53B394A3296F398100EA5A32 /* Project object */ = {
			isa = PBXProject;
			attributes = {
				BuildIndependentTargetsInParallel = 1;
				LastSwiftUpdateCheck = 1430;
				LastUpgradeCheck = 1420;
				TargetAttributes = {
					53B2FF2A2A3A306800179D39 = {
						CreatedOnToolsVersion = 14.3.1;
						TestTargetID = 53B394AA296F398100EA5A32;
					};
					53B394AA296F398100EA5A32 = {
						CreatedOnToolsVersion = 14.2;
					};
				};
			};
			buildConfigurationList = 53B394A6296F398100EA5A32 /* Build configuration list for PBXProject "Medipills" */;
			compatibilityVersion = "Xcode 14.0";
			developmentRegion = en;
			hasScannedForEncodings = 0;
			knownRegions = (
				en,
				Base,
			);
			mainGroup = 53B394A2296F398100EA5A32;
			packageReferences = (
				539DBB5029FE75160067AB82 /* XCRemoteSwiftPackageReference "Alamofire" */,
				53AD1A892A050DAA00CBFD65 /* XCRemoteSwiftPackageReference "lottie-spm" */,
				53C11E952A3B67350070480A /* XCRemoteSwiftPackageReference "firebase-ios-sdk" */,
			);
			productRefGroup = 53B394AC296F398100EA5A32 /* Products */;
			projectDirPath = "";
			projectRoot = "";
			targets = (
				53B394AA296F398100EA5A32 /* Medipills */,
				53B2FF2A2A3A306800179D39 /* MedipillsTests */,
			);
		};
/* End PBXProject section */

/* Begin PBXResourcesBuildPhase section */
		53B2FF292A3A306800179D39 /* Resources */ = {
			isa = PBXResourcesBuildPhase;
			buildActionMask = 2147483647;
			files = (
			);
			runOnlyForDeploymentPostprocessing = 0;
		};
		53B394A9296F398100EA5A32 /* Resources */ = {
			isa = PBXResourcesBuildPhase;
			buildActionMask = 2147483647;
			files = (
				5392CA612A3BC62A00FEE7CD /* blue_pill.json in Resources */,
				5392CA602A3BC62400FEE7CD /* medicine.json in Resources */,
				5392CA5F2A3BC61F00FEE7CD /* syrup.json in Resources */,
				5392CA5E2A3BC61900FEE7CD /* completing-tasks.json in Resources */,
				5392CA5D2A3BC61300FEE7CD /* medic.json in Resources */,
				53B394BB296F398300EA5A32 /* LaunchScreen.storyboard in Resources */,
				53C0842229FFF0B300121884 /* Comfortaa.ttf in Resources */,
				53B394B8296F398300EA5A32 /* Assets.xcassets in Resources */,
				53C11E9B2A3B688F0070480A /* GoogleService-Info.plist in Resources */,
				53B394B6296F398100EA5A32 /* Main.storyboard in Resources */,
				537EFDE02A17C22F004E5152 /* DrugsTableViewCell.xib in Resources */,
			);
			runOnlyForDeploymentPostprocessing = 0;
		};
/* End PBXResourcesBuildPhase section */

/* Begin PBXShellScriptBuildPhase section */
		53C11E9C2A3B69C60070480A /* ShellScript */ = {
			isa = PBXShellScriptBuildPhase;
			buildActionMask = 2147483647;
			files = (
			);
			inputFileListPaths = (
			);
			inputPaths = (
				"${DWARF_DSYM_FOLDER_PATH}/${DWARF_DSYM_FILE_NAME}/Contents/Resources/DWARF/${TARGET_NAME}",
				"$(SRCROOT)/$(BUILT_PRODUCTS_DIR)/$(INFOPLIST_PATH)",
			);
			outputFileListPaths = (
			);
			outputPaths = (
				"# Ajouter la sortie comme dépendance\n&& echo \"output.txt\"",
			);
			runOnlyForDeploymentPostprocessing = 0;
			shellPath = /bin/sh;
			shellScript = "\"${BUILD_DIR%/Build/*}/SourcePackages/checkouts/firebase-ios-sdk/Crashlytics/run\"\n";
		};
/* End PBXShellScriptBuildPhase section */

/* Begin PBXSourcesBuildPhase section */
		53B2FF272A3A306800179D39 /* Sources */ = {
			isa = PBXSourcesBuildPhase;
			buildActionMask = 2147483647;
			files = (
				53B2FF2E2A3A306900179D39 /* CoreDataTestCase.swift in Sources */,
				53B2FF362A3A312300179D39 /* MockCoreDataStack.swift in Sources */,
				53B2FF3A2A3A348A00179D39 /* DrugServiceTestCase.swift in Sources */,
			);
			runOnlyForDeploymentPostprocessing = 0;
		};
		53B394A7296F398100EA5A32 /* Sources */ = {
			isa = PBXSourcesBuildPhase;
			buildActionMask = 2147483647;
			files = (
				53AD1A882A050B2F00CBFD65 /* AddDrugViewController.swift in Sources */,
				53B394B3296F398100EA5A32 /* HomeViewController.swift in Sources */,
				535C576E29FBEF21007E8827 /* ErrorAPI.swift in Sources */,
				53A8A2112A389C9000C29E52 /* CoreDataStack.swift in Sources */,
				53B394AF296F398100EA5A32 /* AppDelegate.swift in Sources */,
				53A8A2152A38AC3800C29E52 /* Drug.swift in Sources */,
				53C0841C29FFC81D00121884 /* Extensions.swift in Sources */,
				53A8A20F2A38980D00C29E52 /* MedipillsModel.xcdatamodeld in Sources */,
				53A8A2132A38ABD400C29E52 /* CoreDataManager.swift in Sources */,
				53D8935429E478F000ADAC1E /* DrugService.swift in Sources */,
				53B394B1296F398100EA5A32 /* SceneDelegate.swift in Sources */,
				53D8935229E478B300ADAC1E /* Drugs.swift in Sources */,
				53B5EBA02A1685E00063E57D /* DateCollectionViewCell.swift in Sources */,
				537EFDDF2A17C22F004E5152 /* DrugsTableViewCell.swift in Sources */,
			);
			runOnlyForDeploymentPostprocessing = 0;
		};
/* End PBXSourcesBuildPhase section */

/* Begin PBXTargetDependency section */
		53B2FF302A3A306900179D39 /* PBXTargetDependency */ = {
			isa = PBXTargetDependency;
			target = 53B394AA296F398100EA5A32 /* Medipills */;
			targetProxy = 53B2FF2F2A3A306900179D39 /* PBXContainerItemProxy */;
		};
/* End PBXTargetDependency section */

/* Begin PBXVariantGroup section */
		53B394B4296F398100EA5A32 /* Main.storyboard */ = {
			isa = PBXVariantGroup;
			children = (
				53B394B5296F398100EA5A32 /* Base */,
			);
			name = Main.storyboard;
			sourceTree = "<group>";
		};
		53B394B9296F398300EA5A32 /* LaunchScreen.storyboard */ = {
			isa = PBXVariantGroup;
			children = (
				53B394BA296F398300EA5A32 /* Base */,
			);
			name = LaunchScreen.storyboard;
			sourceTree = "<group>";
		};
/* End PBXVariantGroup section */

/* Begin XCBuildConfiguration section */
		53B2FF322A3A306900179D39 /* Debug */ = {
			isa = XCBuildConfiguration;
			buildSettings = {
				BUNDLE_LOADER = "$(TEST_HOST)";
				CODE_SIGN_STYLE = Automatic;
				CURRENT_PROJECT_VERSION = 1;
				DEVELOPMENT_TEAM = 6GWQ5KLT5K;
				GENERATE_INFOPLIST_FILE = YES;
				IPHONEOS_DEPLOYMENT_TARGET = 16.4;
				MARKETING_VERSION = 1.0;
				PRODUCT_BUNDLE_IDENTIFIER = RichardMazid.MedipillsTests;
				PRODUCT_NAME = "$(TARGET_NAME)";
				SWIFT_EMIT_LOC_STRINGS = NO;
				SWIFT_VERSION = 5.0;
				TARGETED_DEVICE_FAMILY = "1,2";
				TEST_HOST = "$(BUILT_PRODUCTS_DIR)/Medipills.app/$(BUNDLE_EXECUTABLE_FOLDER_PATH)/Medipills";
			};
			name = Debug;
		};
		53B2FF332A3A306900179D39 /* Release */ = {
			isa = XCBuildConfiguration;
			buildSettings = {
				BUNDLE_LOADER = "$(TEST_HOST)";
				CODE_SIGN_STYLE = Automatic;
				CURRENT_PROJECT_VERSION = 1;
				DEVELOPMENT_TEAM = 6GWQ5KLT5K;
				GENERATE_INFOPLIST_FILE = YES;
				IPHONEOS_DEPLOYMENT_TARGET = 16.4;
				MARKETING_VERSION = 1.0;
				PRODUCT_BUNDLE_IDENTIFIER = RichardMazid.MedipillsTests;
				PRODUCT_NAME = "$(TARGET_NAME)";
				SWIFT_EMIT_LOC_STRINGS = NO;
				SWIFT_VERSION = 5.0;
				TARGETED_DEVICE_FAMILY = "1,2";
				TEST_HOST = "$(BUILT_PRODUCTS_DIR)/Medipills.app/$(BUNDLE_EXECUTABLE_FOLDER_PATH)/Medipills";
			};
			name = Release;
		};
		53B394BD296F398300EA5A32 /* Debug */ = {
			isa = XCBuildConfiguration;
			buildSettings = {
				ALWAYS_SEARCH_USER_PATHS = NO;
				CLANG_ANALYZER_NONNULL = YES;
				CLANG_ANALYZER_NUMBER_OBJECT_CONVERSION = YES_AGGRESSIVE;
				CLANG_CXX_LANGUAGE_STANDARD = "gnu++20";
				CLANG_ENABLE_MODULES = YES;
				CLANG_ENABLE_OBJC_ARC = YES;
				CLANG_ENABLE_OBJC_WEAK = YES;
				CLANG_WARN_BLOCK_CAPTURE_AUTORELEASING = YES;
				CLANG_WARN_BOOL_CONVERSION = YES;
				CLANG_WARN_COMMA = YES;
				CLANG_WARN_CONSTANT_CONVERSION = YES;
				CLANG_WARN_DEPRECATED_OBJC_IMPLEMENTATIONS = YES;
				CLANG_WARN_DIRECT_OBJC_ISA_USAGE = YES_ERROR;
				CLANG_WARN_DOCUMENTATION_COMMENTS = YES;
				CLANG_WARN_EMPTY_BODY = YES;
				CLANG_WARN_ENUM_CONVERSION = YES;
				CLANG_WARN_INFINITE_RECURSION = YES;
				CLANG_WARN_INT_CONVERSION = YES;
				CLANG_WARN_NON_LITERAL_NULL_CONVERSION = YES;
				CLANG_WARN_OBJC_IMPLICIT_RETAIN_SELF = YES;
				CLANG_WARN_OBJC_LITERAL_CONVERSION = YES;
				CLANG_WARN_OBJC_ROOT_CLASS = YES_ERROR;
				CLANG_WARN_QUOTED_INCLUDE_IN_FRAMEWORK_HEADER = YES;
				CLANG_WARN_RANGE_LOOP_ANALYSIS = YES;
				CLANG_WARN_STRICT_PROTOTYPES = YES;
				CLANG_WARN_SUSPICIOUS_MOVE = YES;
				CLANG_WARN_UNGUARDED_AVAILABILITY = YES_AGGRESSIVE;
				CLANG_WARN_UNREACHABLE_CODE = YES;
				CLANG_WARN__DUPLICATE_METHOD_MATCH = YES;
				COPY_PHASE_STRIP = NO;
				DEBUG_INFORMATION_FORMAT = "dwarf-with-dsym";
				ENABLE_STRICT_OBJC_MSGSEND = YES;
				ENABLE_TESTABILITY = YES;
				GCC_C_LANGUAGE_STANDARD = gnu11;
				GCC_DYNAMIC_NO_PIC = NO;
				GCC_NO_COMMON_BLOCKS = YES;
				GCC_OPTIMIZATION_LEVEL = 0;
				GCC_PREPROCESSOR_DEFINITIONS = (
					"DEBUG=1",
					"$(inherited)",
				);
				GCC_WARN_64_TO_32_BIT_CONVERSION = YES;
				GCC_WARN_ABOUT_RETURN_TYPE = YES_ERROR;
				GCC_WARN_UNDECLARED_SELECTOR = YES;
				GCC_WARN_UNINITIALIZED_AUTOS = YES_AGGRESSIVE;
				GCC_WARN_UNUSED_FUNCTION = YES;
				GCC_WARN_UNUSED_VARIABLE = YES;
				IPHONEOS_DEPLOYMENT_TARGET = 14.0;
				MTL_ENABLE_DEBUG_INFO = INCLUDE_SOURCE;
				MTL_FAST_MATH = YES;
				ONLY_ACTIVE_ARCH = YES;
				SDKROOT = iphoneos;
				SWIFT_ACTIVE_COMPILATION_CONDITIONS = DEBUG;
				SWIFT_OPTIMIZATION_LEVEL = "-Onone";
			};
			name = Debug;
		};
		53B394BE296F398300EA5A32 /* Release */ = {
			isa = XCBuildConfiguration;
			buildSettings = {
				ALWAYS_SEARCH_USER_PATHS = NO;
				CLANG_ANALYZER_NONNULL = YES;
				CLANG_ANALYZER_NUMBER_OBJECT_CONVERSION = YES_AGGRESSIVE;
				CLANG_CXX_LANGUAGE_STANDARD = "gnu++20";
				CLANG_ENABLE_MODULES = YES;
				CLANG_ENABLE_OBJC_ARC = YES;
				CLANG_ENABLE_OBJC_WEAK = YES;
				CLANG_WARN_BLOCK_CAPTURE_AUTORELEASING = YES;
				CLANG_WARN_BOOL_CONVERSION = YES;
				CLANG_WARN_COMMA = YES;
				CLANG_WARN_CONSTANT_CONVERSION = YES;
				CLANG_WARN_DEPRECATED_OBJC_IMPLEMENTATIONS = YES;
				CLANG_WARN_DIRECT_OBJC_ISA_USAGE = YES_ERROR;
				CLANG_WARN_DOCUMENTATION_COMMENTS = YES;
				CLANG_WARN_EMPTY_BODY = YES;
				CLANG_WARN_ENUM_CONVERSION = YES;
				CLANG_WARN_INFINITE_RECURSION = YES;
				CLANG_WARN_INT_CONVERSION = YES;
				CLANG_WARN_NON_LITERAL_NULL_CONVERSION = YES;
				CLANG_WARN_OBJC_IMPLICIT_RETAIN_SELF = YES;
				CLANG_WARN_OBJC_LITERAL_CONVERSION = YES;
				CLANG_WARN_OBJC_ROOT_CLASS = YES_ERROR;
				CLANG_WARN_QUOTED_INCLUDE_IN_FRAMEWORK_HEADER = YES;
				CLANG_WARN_RANGE_LOOP_ANALYSIS = YES;
				CLANG_WARN_STRICT_PROTOTYPES = YES;
				CLANG_WARN_SUSPICIOUS_MOVE = YES;
				CLANG_WARN_UNGUARDED_AVAILABILITY = YES_AGGRESSIVE;
				CLANG_WARN_UNREACHABLE_CODE = YES;
				CLANG_WARN__DUPLICATE_METHOD_MATCH = YES;
				COPY_PHASE_STRIP = NO;
				DEBUG_INFORMATION_FORMAT = dwarf;
				ENABLE_NS_ASSERTIONS = NO;
				ENABLE_STRICT_OBJC_MSGSEND = YES;
				GCC_C_LANGUAGE_STANDARD = gnu11;
				GCC_NO_COMMON_BLOCKS = YES;
				GCC_WARN_64_TO_32_BIT_CONVERSION = YES;
				GCC_WARN_ABOUT_RETURN_TYPE = YES_ERROR;
				GCC_WARN_UNDECLARED_SELECTOR = YES;
				GCC_WARN_UNINITIALIZED_AUTOS = YES_AGGRESSIVE;
				GCC_WARN_UNUSED_FUNCTION = YES;
				GCC_WARN_UNUSED_VARIABLE = YES;
				IPHONEOS_DEPLOYMENT_TARGET = 14.0;
				MTL_ENABLE_DEBUG_INFO = NO;
				MTL_FAST_MATH = YES;
				SDKROOT = iphoneos;
				SWIFT_COMPILATION_MODE = wholemodule;
				SWIFT_OPTIMIZATION_LEVEL = "-O";
				VALIDATE_PRODUCT = YES;
			};
			name = Release;
		};
		53B394C0296F398300EA5A32 /* Debug */ = {
			isa = XCBuildConfiguration;
			buildSettings = {
				ASSETCATALOG_COMPILER_APPICON_NAME = AppIcon;
				ASSETCATALOG_COMPILER_GLOBAL_ACCENT_COLOR_NAME = AccentColor;
				CODE_SIGN_STYLE = Automatic;
				CURRENT_PROJECT_VERSION = 1;
				DEBUG_INFORMATION_FORMAT = "dwarf-with-dsym";
				DEVELOPMENT_TEAM = 6GWQ5KLT5K;
				GENERATE_INFOPLIST_FILE = YES;
				INFOPLIST_FILE = Medipills/Info.plist;
				INFOPLIST_KEY_UIApplicationSupportsIndirectInputEvents = YES;
				INFOPLIST_KEY_UILaunchStoryboardName = LaunchScreen;
				INFOPLIST_KEY_UIMainStoryboardFile = Main;
				INFOPLIST_KEY_UISupportedInterfaceOrientations_iPad = "UIInterfaceOrientationPortrait UIInterfaceOrientationPortraitUpsideDown UIInterfaceOrientationLandscapeLeft UIInterfaceOrientationLandscapeRight";
				INFOPLIST_KEY_UISupportedInterfaceOrientations_iPhone = "UIInterfaceOrientationPortrait UIInterfaceOrientationLandscapeLeft UIInterfaceOrientationLandscapeRight";
				IPHONEOS_DEPLOYMENT_TARGET = 14.0;
				LD_RUNPATH_SEARCH_PATHS = (
					"$(inherited)",
					"@executable_path/Frameworks",
				);
				MARKETING_VERSION = 1.0;
				PRODUCT_BUNDLE_IDENTIFIER = RichardMazid.Medipills;
				PRODUCT_NAME = "$(TARGET_NAME)";
				SWIFT_EMIT_LOC_STRINGS = YES;
				SWIFT_VERSION = 5.0;
				TARGETED_DEVICE_FAMILY = "1,2";
			};
			name = Debug;
		};
		53B394C1296F398300EA5A32 /* Release */ = {
			isa = XCBuildConfiguration;
			buildSettings = {
				ASSETCATALOG_COMPILER_APPICON_NAME = AppIcon;
				ASSETCATALOG_COMPILER_GLOBAL_ACCENT_COLOR_NAME = AccentColor;
				CODE_SIGN_STYLE = Automatic;
				CURRENT_PROJECT_VERSION = 1;
				DEBUG_INFORMATION_FORMAT = dwarf;
				DEVELOPMENT_TEAM = 6GWQ5KLT5K;
				GENERATE_INFOPLIST_FILE = YES;
				INFOPLIST_FILE = Medipills/Info.plist;
				INFOPLIST_KEY_UIApplicationSupportsIndirectInputEvents = YES;
				INFOPLIST_KEY_UILaunchStoryboardName = LaunchScreen;
				INFOPLIST_KEY_UIMainStoryboardFile = Main;
				INFOPLIST_KEY_UISupportedInterfaceOrientations_iPad = "UIInterfaceOrientationPortrait UIInterfaceOrientationPortraitUpsideDown UIInterfaceOrientationLandscapeLeft UIInterfaceOrientationLandscapeRight";
				INFOPLIST_KEY_UISupportedInterfaceOrientations_iPhone = "UIInterfaceOrientationPortrait UIInterfaceOrientationLandscapeLeft UIInterfaceOrientationLandscapeRight";
				IPHONEOS_DEPLOYMENT_TARGET = 14.0;
				LD_RUNPATH_SEARCH_PATHS = (
					"$(inherited)",
					"@executable_path/Frameworks",
				);
				MARKETING_VERSION = 1.0;
				PRODUCT_BUNDLE_IDENTIFIER = RichardMazid.Medipills;
				PRODUCT_NAME = "$(TARGET_NAME)";
				SWIFT_EMIT_LOC_STRINGS = YES;
				SWIFT_VERSION = 5.0;
				TARGETED_DEVICE_FAMILY = "1,2";
			};
			name = Release;
		};
/* End XCBuildConfiguration section */

/* Begin XCConfigurationList section */
		53B2FF312A3A306900179D39 /* Build configuration list for PBXNativeTarget "MedipillsTests" */ = {
			isa = XCConfigurationList;
			buildConfigurations = (
				53B2FF322A3A306900179D39 /* Debug */,
				53B2FF332A3A306900179D39 /* Release */,
			);
			defaultConfigurationIsVisible = 0;
			defaultConfigurationName = Release;
		};
		53B394A6296F398100EA5A32 /* Build configuration list for PBXProject "Medipills" */ = {
			isa = XCConfigurationList;
			buildConfigurations = (
				53B394BD296F398300EA5A32 /* Debug */,
				53B394BE296F398300EA5A32 /* Release */,
			);
			defaultConfigurationIsVisible = 0;
			defaultConfigurationName = Release;
		};
		53B394BF296F398300EA5A32 /* Build configuration list for PBXNativeTarget "Medipills" */ = {
			isa = XCConfigurationList;
			buildConfigurations = (
				53B394C0296F398300EA5A32 /* Debug */,
				53B394C1296F398300EA5A32 /* Release */,
			);
			defaultConfigurationIsVisible = 0;
			defaultConfigurationName = Release;
		};
/* End XCConfigurationList section */

/* Begin XCRemoteSwiftPackageReference section */
		539DBB5029FE75160067AB82 /* XCRemoteSwiftPackageReference "Alamofire" */ = {
			isa = XCRemoteSwiftPackageReference;
			repositoryURL = "https://github.com/Alamofire/Alamofire.git";
			requirement = {
				kind = upToNextMajorVersion;
				minimumVersion = 5.0.0;
			};
		};
		53AD1A892A050DAA00CBFD65 /* XCRemoteSwiftPackageReference "lottie-spm" */ = {
			isa = XCRemoteSwiftPackageReference;
			repositoryURL = "https://github.com/airbnb/lottie-spm.git";
			requirement = {
				kind = upToNextMajorVersion;
				minimumVersion = 4.2.0;
			};
		};
		53C11E952A3B67350070480A /* XCRemoteSwiftPackageReference "firebase-ios-sdk" */ = {
			isa = XCRemoteSwiftPackageReference;
			repositoryURL = "https://github.com/firebase/firebase-ios-sdk";
			requirement = {
				kind = upToNextMajorVersion;
				minimumVersion = 10.0.0;
			};
		};
/* End XCRemoteSwiftPackageReference section */

/* Begin XCSwiftPackageProductDependency section */
		539DBB5129FE75160067AB82 /* Alamofire */ = {
			isa = XCSwiftPackageProductDependency;
			package = 539DBB5029FE75160067AB82 /* XCRemoteSwiftPackageReference "Alamofire" */;
			productName = Alamofire;
		};
		53AD1A8A2A050DAA00CBFD65 /* Lottie */ = {
			isa = XCSwiftPackageProductDependency;
			package = 53AD1A892A050DAA00CBFD65 /* XCRemoteSwiftPackageReference "lottie-spm" */;
			productName = Lottie;
		};
		53C11E962A3B67360070480A /* FirebaseAnalytics */ = {
			isa = XCSwiftPackageProductDependency;
			package = 53C11E952A3B67350070480A /* XCRemoteSwiftPackageReference "firebase-ios-sdk" */;
			productName = FirebaseAnalytics;
		};
		53C11E982A3B67360070480A /* FirebaseCrashlytics */ = {
			isa = XCSwiftPackageProductDependency;
			package = 53C11E952A3B67350070480A /* XCRemoteSwiftPackageReference "firebase-ios-sdk" */;
			productName = FirebaseCrashlytics;
		};
/* End XCSwiftPackageProductDependency section */

/* Begin XCVersionGroup section */
		53A8A20D2A38980D00C29E52 /* MedipillsModel.xcdatamodeld */ = {
			isa = XCVersionGroup;
			children = (
				53A8A20E2A38980D00C29E52 /* MedipillsModel.xcdatamodel */,
			);
			currentVersion = 53A8A20E2A38980D00C29E52 /* MedipillsModel.xcdatamodel */;
			path = MedipillsModel.xcdatamodeld;
			sourceTree = "<group>";
			versionGroupType = wrapper.xcdatamodel;
		};
/* End XCVersionGroup section */
	};
	rootObject = 53B394A3296F398100EA5A32 /* Project object */;
}
